// !$*UTF8*$!
{
	archiveVersion = 1;
	classes = {
	};
	objectVersion = 50;
	objects = {

/* Begin PBXBuildFile section */
		88D9F23920F34F6F0077BA54 /* AppDelegate.swift in Sources */ = {isa = PBXBuildFile; fileRef = 88D9F23820F34F6F0077BA54 /* AppDelegate.swift */; };
		88D9F23B20F34F6F0077BA54 /* ViewController.swift in Sources */ = {isa = PBXBuildFile; fileRef = 88D9F23A20F34F6F0077BA54 /* ViewController.swift */; };
		88D9F23E20F34F6F0077BA54 /* Main.storyboard in Resources */ = {isa = PBXBuildFile; fileRef = 88D9F23C20F34F6F0077BA54 /* Main.storyboard */; };
		88D9F24120F34F6F0077BA54 /* gitrp.xcdatamodeld in Sources */ = {isa = PBXBuildFile; fileRef = 88D9F23F20F34F6F0077BA54 /* gitrp.xcdatamodeld */; };
		88D9F24320F34F710077BA54 /* Assets.xcassets in Resources */ = {isa = PBXBuildFile; fileRef = 88D9F24220F34F710077BA54 /* Assets.xcassets */; };
		88D9F24620F34F710077BA54 /* LaunchScreen.storyboard in Resources */ = {isa = PBXBuildFile; fileRef = 88D9F24420F34F710077BA54 /* LaunchScreen.storyboard */; };
		88D9F25120F34F710077BA54 /* gitrpTests.swift in Sources */ = {isa = PBXBuildFile; fileRef = 88D9F25020F34F710077BA54 /* gitrpTests.swift */; };
		88D9F25C20F34F710077BA54 /* gitrpUITests.swift in Sources */ = {isa = PBXBuildFile; fileRef = 88D9F25B20F34F710077BA54 /* gitrpUITests.swift */; };
/* End PBXBuildFile section */

/* Begin PBXContainerItemProxy section */
		88D9F24D20F34F710077BA54 /* PBXContainerItemProxy */ = {
			isa = PBXContainerItemProxy;
			containerPortal = 88D9F22D20F34F6F0077BA54 /* Project object */;
			proxyType = 1;
			remoteGlobalIDString = 88D9F23420F34F6F0077BA54;
			remoteInfo = gitrp;
		};
		88D9F25820F34F710077BA54 /* PBXContainerItemProxy */ = {
			isa = PBXContainerItemProxy;
			containerPortal = 88D9F22D20F34F6F0077BA54 /* Project object */;
			proxyType = 1;
			remoteGlobalIDString = 88D9F23420F34F6F0077BA54;
			remoteInfo = gitrp;
		};
/* End PBXContainerItemProxy section */

/* Begin PBXFileReference section */
		88D9F23520F34F6F0077BA54 /* gitrp.app */ = {isa = PBXFileReference; explicitFileType = wrapper.application; includeInIndex = 0; path = gitrp.app; sourceTree = BUILT_PRODUCTS_DIR; };
		88D9F23820F34F6F0077BA54 /* AppDelegate.swift */ = {isa = PBXFileReference; lastKnownFileType = sourcecode.swift; path = AppDelegate.swift; sourceTree = "<group>"; };
		88D9F23A20F34F6F0077BA54 /* ViewController.swift */ = {isa = PBXFileReference; lastKnownFileType = sourcecode.swift; path = ViewController.swift; sourceTree = "<group>"; };
		88D9F23D20F34F6F0077BA54 /* Base */ = {isa = PBXFileReference; lastKnownFileType = file.storyboard; name = Base; path = Base.lproj/Main.storyboard; sourceTree = "<group>"; };
		88D9F24020F34F6F0077BA54 /* gitrp.xcdatamodel */ = {isa = PBXFileReference; lastKnownFileType = wrapper.xcdatamodel; path = gitrp.xcdatamodel; sourceTree = "<group>"; };
		88D9F24220F34F710077BA54 /* Assets.xcassets */ = {isa = PBXFileReference; lastKnownFileType = folder.assetcatalog; path = Assets.xcassets; sourceTree = "<group>"; };
		88D9F24520F34F710077BA54 /* Base */ = {isa = PBXFileReference; lastKnownFileType = file.storyboard; name = Base; path = Base.lproj/LaunchScreen.storyboard; sourceTree = "<group>"; };
		88D9F24720F34F710077BA54 /* Info.plist */ = {isa = PBXFileReference; lastKnownFileType = text.plist.xml; path = Info.plist; sourceTree = "<group>"; };
		88D9F24C20F34F710077BA54 /* gitrpTests.xctest */ = {isa = PBXFileReference; explicitFileType = wrapper.cfbundle; includeInIndex = 0; path = gitrpTests.xctest; sourceTree = BUILT_PRODUCTS_DIR; };
		88D9F25020F34F710077BA54 /* gitrpTests.swift */ = {isa = PBXFileReference; lastKnownFileType = sourcecode.swift; path = gitrpTests.swift; sourceTree = "<group>"; };
		88D9F25220F34F710077BA54 /* Info.plist */ = {isa = PBXFileReference; lastKnownFileType = text.plist.xml; path = Info.plist; sourceTree = "<group>"; };
		88D9F25720F34F710077BA54 /* gitrpUITests.xctest */ = {isa = PBXFileReference; explicitFileType = wrapper.cfbundle; includeInIndex = 0; path = gitrpUITests.xctest; sourceTree = BUILT_PRODUCTS_DIR; };
		88D9F25B20F34F710077BA54 /* gitrpUITests.swift */ = {isa = PBXFileReference; lastKnownFileType = sourcecode.swift; path = gitrpUITests.swift; sourceTree = "<group>"; };
		88D9F25D20F34F710077BA54 /* Info.plist */ = {isa = PBXFileReference; lastKnownFileType = text.plist.xml; path = Info.plist; sourceTree = "<group>"; };
/* End PBXFileReference section */

/* Begin PBXFrameworksBuildPhase section */
		88D9F23220F34F6F0077BA54 /* Frameworks */ = {
			isa = PBXFrameworksBuildPhase;
			buildActionMask = 2147483647;
			files = (
			);
			runOnlyForDeploymentPostprocessing = 0;
		};
		88D9F24920F34F710077BA54 /* Frameworks */ = {
			isa = PBXFrameworksBuildPhase;
			buildActionMask = 2147483647;
			files = (
			);
			runOnlyForDeploymentPostprocessing = 0;
		};
		88D9F25420F34F710077BA54 /* Frameworks */ = {
			isa = PBXFrameworksBuildPhase;
			buildActionMask = 2147483647;
			files = (
			);
			runOnlyForDeploymentPostprocessing = 0;
		};
/* End PBXFrameworksBuildPhase section */

/* Begin PBXGroup section */
		88D9F22C20F34F6F0077BA54 = {
			isa = PBXGroup;
			children = (
				88D9F23720F34F6F0077BA54 /* gitrp */,
				88D9F24F20F34F710077BA54 /* gitrpTests */,
				88D9F25A20F34F710077BA54 /* gitrpUITests */,
				88D9F23620F34F6F0077BA54 /* Products */,
			);
			sourceTree = "<group>";
		};
		88D9F23620F34F6F0077BA54 /* Products */ = {
			isa = PBXGroup;
			children = (
				88D9F23520F34F6F0077BA54 /* gitrp.app */,
				88D9F24C20F34F710077BA54 /* gitrpTests.xctest */,
				88D9F25720F34F710077BA54 /* gitrpUITests.xctest */,
			);
			name = Products;
			sourceTree = "<group>";
		};
		88D9F23720F34F6F0077BA54 /* gitrp */ = {
			isa = PBXGroup;
			children = (
				88D9F23820F34F6F0077BA54 /* AppDelegate.swift */,
				88D9F23A20F34F6F0077BA54 /* ViewController.swift */,
				88D9F23C20F34F6F0077BA54 /* Main.storyboard */,
				88D9F24220F34F710077BA54 /* Assets.xcassets */,
				88D9F24420F34F710077BA54 /* LaunchScreen.storyboard */,
				88D9F24720F34F710077BA54 /* Info.plist */,
				88D9F23F20F34F6F0077BA54 /* gitrp.xcdatamodeld */,
			);
			path = gitrp;
			sourceTree = "<group>";
		};
		88D9F24F20F34F710077BA54 /* gitrpTests */ = {
			isa = PBXGroup;
			children = (
				88D9F25020F34F710077BA54 /* gitrpTests.swift */,
				88D9F25220F34F710077BA54 /* Info.plist */,
			);
			path = gitrpTests;
			sourceTree = "<group>";
		};
		88D9F25A20F34F710077BA54 /* gitrpUITests */ = {
			isa = PBXGroup;
			children = (
				88D9F25B20F34F710077BA54 /* gitrpUITests.swift */,
				88D9F25D20F34F710077BA54 /* Info.plist */,
			);
			path = gitrpUITests;
			sourceTree = "<group>";
		};
/* End PBXGroup section */

/* Begin PBXNativeTarget section */
		88D9F23420F34F6F0077BA54 /* gitrp */ = {
			isa = PBXNativeTarget;
			buildConfigurationList = 88D9F26020F34F710077BA54 /* Build configuration list for PBXNativeTarget "gitrp" */;
			buildPhases = (
				88D9F23120F34F6F0077BA54 /* Sources */,
				88D9F23220F34F6F0077BA54 /* Frameworks */,
				88D9F23320F34F6F0077BA54 /* Resources */,
			);
			buildRules = (
			);
			dependencies = (
			);
			name = gitrp;
			productName = gitrp;
			productReference = 88D9F23520F34F6F0077BA54 /* gitrp.app */;
			productType = "com.apple.product-type.application";
		};
		88D9F24B20F34F710077BA54 /* gitrpTests */ = {
			isa = PBXNativeTarget;
			buildConfigurationList = 88D9F26320F34F710077BA54 /* Build configuration list for PBXNativeTarget "gitrpTests" */;
			buildPhases = (
				88D9F24820F34F710077BA54 /* Sources */,
				88D9F24920F34F710077BA54 /* Frameworks */,
				88D9F24A20F34F710077BA54 /* Resources */,
			);
			buildRules = (
			);
			dependencies = (
				88D9F24E20F34F710077BA54 /* PBXTargetDependency */,
			);
			name = gitrpTests;
			productName = gitrpTests;
			productReference = 88D9F24C20F34F710077BA54 /* gitrpTests.xctest */;
			productType = "com.apple.product-type.bundle.unit-test";
		};
		88D9F25620F34F710077BA54 /* gitrpUITests */ = {
			isa = PBXNativeTarget;
			buildConfigurationList = 88D9F26620F34F710077BA54 /* Build configuration list for PBXNativeTarget "gitrpUITests" */;
			buildPhases = (
				88D9F25320F34F710077BA54 /* Sources */,
				88D9F25420F34F710077BA54 /* Frameworks */,
				88D9F25520F34F710077BA54 /* Resources */,
			);
			buildRules = (
			);
			dependencies = (
				88D9F25920F34F710077BA54 /* PBXTargetDependency */,
			);
			name = gitrpUITests;
			productName = gitrpUITests;
			productReference = 88D9F25720F34F710077BA54 /* gitrpUITests.xctest */;
			productType = "com.apple.product-type.bundle.ui-testing";
		};
/* End PBXNativeTarget section */

/* Begin PBXProject section */
		88D9F22D20F34F6F0077BA54 /* Project object */ = {
			isa = PBXProject;
			attributes = {
				LastSwiftUpdateCheck = 0940;
				LastUpgradeCheck = 0940;
				ORGANIZATIONNAME = "Edmund Tan";
				TargetAttributes = {
					88D9F23420F34F6F0077BA54 = {
						CreatedOnToolsVersion = 9.4.1;
					};
					88D9F24B20F34F710077BA54 = {
						CreatedOnToolsVersion = 9.4.1;
						TestTargetID = 88D9F23420F34F6F0077BA54;
					};
					88D9F25620F34F710077BA54 = {
						CreatedOnToolsVersion = 9.4.1;
						TestTargetID = 88D9F23420F34F6F0077BA54;
					};
				};
			};
			buildConfigurationList = 88D9F23020F34F6F0077BA54 /* Build configuration list for PBXProject "gitrp" */;
			compatibilityVersion = "Xcode 9.3";
			developmentRegion = en;
			hasScannedForEncodings = 0;
			knownRegions = (
				en,
				Base,
			);
			mainGroup = 88D9F22C20F34F6F0077BA54;
			productRefGroup = 88D9F23620F34F6F0077BA54 /* Products */;
			projectDirPath = "";
			projectRoot = "";
			targets = (
				88D9F23420F34F6F0077BA54 /* gitrp */,
				88D9F24B20F34F710077BA54 /* gitrpTests */,
				88D9F25620F34F710077BA54 /* gitrpUITests */,
			);
		};
/* End PBXProject section */

/* Begin PBXResourcesBuildPhase section */
		88D9F23320F34F6F0077BA54 /* Resources */ = {
			isa = PBXResourcesBuildPhase;
			buildActionMask = 2147483647;
			files = (
				88D9F24620F34F710077BA54 /* LaunchScreen.storyboard in Resources */,
				88D9F24320F34F710077BA54 /* Assets.xcassets in Resources */,
				88D9F23E20F34F6F0077BA54 /* Main.storyboard in Resources */,
			);
			runOnlyForDeploymentPostprocessing = 0;
		};
		88D9F24A20F34F710077BA54 /* Resources */ = {
			isa = PBXResourcesBuildPhase;
			buildActionMask = 2147483647;
			files = (
			);
			runOnlyForDeploymentPostprocessing = 0;
		};
		88D9F25520F34F710077BA54 /* Resources */ = {
			isa = PBXResourcesBuildPhase;
			buildActionMask = 2147483647;
			files = (
			);
			runOnlyForDeploymentPostprocessing = 0;
		};
/* End PBXResourcesBuildPhase section */

/* Begin PBXSourcesBuildPhase section */
		88D9F23120F34F6F0077BA54 /* Sources */ = {
			isa = PBXSourcesBuildPhase;
			buildActionMask = 2147483647;
			files = (
				88D9F23B20F34F6F0077BA54 /* ViewController.swift in Sources */,
				88D9F24120F34F6F0077BA54 /* gitrp.xcdatamodeld in Sources */,
				88D9F23920F34F6F0077BA54 /* AppDelegate.swift in Sources */,
			);
			runOnlyForDeploymentPostprocessing = 0;
		};
		88D9F24820F34F710077BA54 /* Sources */ = {
			isa = PBXSourcesBuildPhase;
			buildActionMask = 2147483647;
			files = (
				88D9F25120F34F710077BA54 /* gitrpTests.swift in Sources */,
			);
			runOnlyForDeploymentPostprocessing = 0;
		};
		88D9F25320F34F710077BA54 /* Sources */ = {
			isa = PBXSourcesBuildPhase;
			buildActionMask = 2147483647;
			files = (
				88D9F25C20F34F710077BA54 /* gitrpUITests.swift in Sources */,
			);
			runOnlyForDeploymentPostprocessing = 0;
		};
/* End PBXSourcesBuildPhase section */

/* Begin PBXTargetDependency section */
		88D9F24E20F34F710077BA54 /* PBXTargetDependency */ = {
			isa = PBXTargetDependency;
			target = 88D9F23420F34F6F0077BA54 /* gitrp */;
			targetProxy = 88D9F24D20F34F710077BA54 /* PBXContainerItemProxy */;
		};
		88D9F25920F34F710077BA54 /* PBXTargetDependency */ = {
			isa = PBXTargetDependency;
			target = 88D9F23420F34F6F0077BA54 /* gitrp */;
			targetProxy = 88D9F25820F34F710077BA54 /* PBXContainerItemProxy */;
		};
/* End PBXTargetDependency section */

/* Begin PBXVariantGroup section */
		88D9F23C20F34F6F0077BA54 /* Main.storyboard */ = {
			isa = PBXVariantGroup;
			children = (
				88D9F23D20F34F6F0077BA54 /* Base */,
			);
			name = Main.storyboard;
			sourceTree = "<group>";
		};
		88D9F24420F34F710077BA54 /* LaunchScreen.storyboard */ = {
			isa = PBXVariantGroup;
			children = (
				88D9F24520F34F710077BA54 /* Base */,
			);
			name = LaunchScreen.storyboard;
			sourceTree = "<group>";
		};
/* End PBXVariantGroup section */

/* Begin XCBuildConfiguration section */
		88D9F25E20F34F710077BA54 /* Debug */ = {
			isa = XCBuildConfiguration;
			buildSettings = {
				ALWAYS_SEARCH_USER_PATHS = NO;
				CLANG_ANALYZER_NONNULL = YES;
				CLANG_ANALYZER_NUMBER_OBJECT_CONVERSION = YES_AGGRESSIVE;
				CLANG_CXX_LANGUAGE_STANDARD = "gnu++14";
				CLANG_CXX_LIBRARY = "libc++";
				CLANG_ENABLE_MODULES = YES;
				CLANG_ENABLE_OBJC_ARC = YES;
				CLANG_ENABLE_OBJC_WEAK = YES;
				CLANG_WARN_BLOCK_CAPTURE_AUTORELEASING = YES;
				CLANG_WARN_BOOL_CONVERSION = YES;
				CLANG_WARN_COMMA = YES;
				CLANG_WARN_CONSTANT_CONVERSION = YES;
				CLANG_WARN_DEPRECATED_OBJC_IMPLEMENTATIONS = YES;
				CLANG_WARN_DIRECT_OBJC_ISA_USAGE = YES_ERROR;
				CLANG_WARN_DOCUMENTATION_COMMENTS = YES;
				CLANG_WARN_EMPTY_BODY = YES;
				CLANG_WARN_ENUM_CONVERSION = YES;
				CLANG_WARN_INFINITE_RECURSION = YES;
				CLANG_WARN_INT_CONVERSION = YES;
				CLANG_WARN_NON_LITERAL_NULL_CONVERSION = YES;
				CLANG_WARN_OBJC_IMPLICIT_RETAIN_SELF = YES;
				CLANG_WARN_OBJC_LITERAL_CONVERSION = YES;
				CLANG_WARN_OBJC_ROOT_CLASS = YES_ERROR;
				CLANG_WARN_RANGE_LOOP_ANALYSIS = YES;
				CLANG_WARN_STRICT_PROTOTYPES = YES;
				CLANG_WARN_SUSPICIOUS_MOVE = YES;
				CLANG_WARN_UNGUARDED_AVAILABILITY = YES_AGGRESSIVE;
				CLANG_WARN_UNREACHABLE_CODE = YES;
				CLANG_WARN__DUPLICATE_METHOD_MATCH = YES;
				CODE_SIGN_IDENTITY = "iPhone Developer";
				COPY_PHASE_STRIP = NO;
				DEBUG_INFORMATION_FORMAT = dwarf;
				ENABLE_STRICT_OBJC_MSGSEND = YES;
				ENABLE_TESTABILITY = YES;
				GCC_C_LANGUAGE_STANDARD = gnu11;
				GCC_DYNAMIC_NO_PIC = NO;
				GCC_NO_COMMON_BLOCKS = YES;
				GCC_OPTIMIZATION_LEVEL = 0;
				GCC_PREPROCESSOR_DEFINITIONS = (
					"DEBUG=1",
					"$(inherited)",
				);
				GCC_WARN_64_TO_32_BIT_CONVERSION = YES;
				GCC_WARN_ABOUT_RETURN_TYPE = YES_ERROR;
				GCC_WARN_UNDECLARED_SELECTOR = YES;
				GCC_WARN_UNINITIALIZED_AUTOS = YES_AGGRESSIVE;
				GCC_WARN_UNUSED_FUNCTION = YES;
				GCC_WARN_UNUSED_VARIABLE = YES;
				IPHONEOS_DEPLOYMENT_TARGET = 11.4;
				MTL_ENABLE_DEBUG_INFO = YES;
				ONLY_ACTIVE_ARCH = YES;
				SDKROOT = iphoneos;
				SWIFT_ACTIVE_COMPILATION_CONDITIONS = DEBUG;
				SWIFT_OPTIMIZATION_LEVEL = "-Onone";
			};
			name = Debug;
		};
		88D9F25F20F34F710077BA54 /* Release */ = {
			isa = XCBuildConfiguration;
			buildSettings = {
				ALWAYS_SEARCH_USER_PATHS = NO;
				CLANG_ANALYZER_NONNULL = YES;
				CLANG_ANALYZER_NUMBER_OBJECT_CONVERSION = YES_AGGRESSIVE;
				CLANG_CXX_LANGUAGE_STANDARD = "gnu++14";
				CLANG_CXX_LIBRARY = "libc++";
				CLANG_ENABLE_MODULES = YES;
				CLANG_ENABLE_OBJC_ARC = YES;
				CLANG_ENABLE_OBJC_WEAK = YES;
				CLANG_WARN_BLOCK_CAPTURE_AUTORELEASING = YES;
				CLANG_WARN_BOOL_CONVERSION = YES;
				CLANG_WARN_COMMA = YES;
				CLANG_WARN_CONSTANT_CONVERSION = YES;
				CLANG_WARN_DEPRECATED_OBJC_IMPLEMENTATIONS = YES;
				CLANG_WARN_DIRECT_OBJC_ISA_USAGE = YES_ERROR;
				CLANG_WARN_DOCUMENTATION_COMMENTS = YES;
				CLANG_WARN_EMPTY_BODY = YES;
				CLANG_WARN_ENUM_CONVERSION = YES;
				CLANG_WARN_INFINITE_RECURSION = YES;
				CLANG_WARN_INT_CONVERSION = YES;
				CLANG_WARN_NON_LITERAL_NULL_CONVERSION = YES;
				CLANG_WARN_OBJC_IMPLICIT_RETAIN_SELF = YES;
				CLANG_WARN_OBJC_LITERAL_CONVERSION = YES;
				CLANG_WARN_OBJC_ROOT_CLASS = YES_ERROR;
				CLANG_WARN_RANGE_LOOP_ANALYSIS = YES;
				CLANG_WARN_STRICT_PROTOTYPES = YES;
				CLANG_WARN_SUSPICIOUS_MOVE = YES;
				CLANG_WARN_UNGUARDED_AVAILABILITY = YES_AGGRESSIVE;
				CLANG_WARN_UNREACHABLE_CODE = YES;
				CLANG_WARN__DUPLICATE_METHOD_MATCH = YES;
				CODE_SIGN_IDENTITY = "iPhone Developer";
				COPY_PHASE_STRIP = NO;
				DEBUG_INFORMATION_FORMAT = "dwarf-with-dsym";
				ENABLE_NS_ASSERTIONS = NO;
				ENABLE_STRICT_OBJC_MSGSEND = YES;
				GCC_C_LANGUAGE_STANDARD = gnu11;
				GCC_NO_COMMON_BLOCKS = YES;
				GCC_WARN_64_TO_32_BIT_CONVERSION = YES;
				GCC_WARN_ABOUT_RETURN_TYPE = YES_ERROR;
				GCC_WARN_UNDECLARED_SELECTOR = YES;
				GCC_WARN_UNINITIALIZED_AUTOS = YES_AGGRESSIVE;
				GCC_WARN_UNUSED_FUNCTION = YES;
				GCC_WARN_UNUSED_VARIABLE = YES;
				IPHONEOS_DEPLOYMENT_TARGET = 11.4;
				MTL_ENABLE_DEBUG_INFO = NO;
				SDKROOT = iphoneos;
				SWIFT_COMPILATION_MODE = wholemodule;
				SWIFT_OPTIMIZATION_LEVEL = "-O";
				VALIDATE_PRODUCT = YES;
			};
			name = Release;
		};
		88D9F26120F34F710077BA54 /* Debug */ = {
			isa = XCBuildConfiguration;
			buildSettings = {
				ASSETCATALOG_COMPILER_APPICON_NAME = AppIcon;
				CODE_SIGN_STYLE = Automatic;
				DEVELOPMENT_TEAM = LQRV2Z3V26;
				INFOPLIST_FILE = gitrp/Info.plist;
				LD_RUNPATH_SEARCH_PATHS = (
					"$(inherited)",
					"@executable_path/Frameworks",
				);
				PRODUCT_BUNDLE_IDENTIFIER = Edmund.gitrp;
				PRODUCT_NAME = "$(TARGET_NAME)";
				SWIFT_VERSION = 4.0;
				TARGETED_DEVICE_FAMILY = "1,2";
			};
			name = Debug;
		};
		88D9F26220F34F710077BA54 /* Release */ = {
			isa = XCBuildConfiguration;
			buildSettings = {
				ASSETCATALOG_COMPILER_APPICON_NAME = AppIcon;
				CODE_SIGN_STYLE = Automatic;
				DEVELOPMENT_TEAM = LQRV2Z3V26;
				INFOPLIST_FILE = gitrp/Info.plist;
				LD_RUNPATH_SEARCH_PATHS = (
					"$(inherited)",
					"@executable_path/Frameworks",
				);
				PRODUCT_BUNDLE_IDENTIFIER = Edmund.gitrp;
				PRODUCT_NAME = "$(TARGET_NAME)";
				SWIFT_VERSION = 4.0;
				TARGETED_DEVICE_FAMILY = "1,2";
			};
			name = Release;
		};
		88D9F26420F34F710077BA54 /* Debug */ = {
			isa = XCBuildConfiguration;
			buildSettings = {
				ALWAYS_EMBED_SWIFT_STANDARD_LIBRARIES = YES;
				BUNDLE_LOADER = "$(TEST_HOST)";
				CODE_SIGN_STYLE = Automatic;
				DEVELOPMENT_TEAM = LQRV2Z3V26;
				INFOPLIST_FILE = gitrpTests/Info.plist;
				LD_RUNPATH_SEARCH_PATHS = (
					"$(inherited)",
					"@executable_path/Frameworks",
					"@loader_path/Frameworks",
				);
				PRODUCT_BUNDLE_IDENTIFIER = Edmund.gitrpTests;
				PRODUCT_NAME = "$(TARGET_NAME)";
				SWIFT_VERSION = 4.0;
				TARGETED_DEVICE_FAMILY = "1,2";
				TEST_HOST = "$(BUILT_PRODUCTS_DIR)/gitrp.app/gitrp";
			};
			name = Debug;
		};
		88D9F26520F34F710077BA54 /* Release */ = {
			isa = XCBuildConfiguration;
			buildSettings = {
				ALWAYS_EMBED_SWIFT_STANDARD_LIBRARIES = YES;
				BUNDLE_LOADER = "$(TEST_HOST)";
				CODE_SIGN_STYLE = Automatic;
				DEVELOPMENT_TEAM = LQRV2Z3V26;
				INFOPLIST_FILE = gitrpTests/Info.plist;
				LD_RUNPATH_SEARCH_PATHS = (
					"$(inherited)",
					"@executable_path/Frameworks",
					"@loader_path/Frameworks",
				);
				PRODUCT_BUNDLE_IDENTIFIER = Edmund.gitrpTests;
				PRODUCT_NAME = "$(TARGET_NAME)";
				SWIFT_VERSION = 4.0;
				TARGETED_DEVICE_FAMILY = "1,2";
				TEST_HOST = "$(BUILT_PRODUCTS_DIR)/gitrp.app/gitrp";
			};
			name = Release;
		};
		88D9F26720F34F710077BA54 /* Debug */ = {
			isa = XCBuildConfiguration;
			buildSettings = {
				ALWAYS_EMBED_SWIFT_STANDARD_LIBRARIES = YES;
				CODE_SIGN_STYLE = Automatic;
				DEVELOPMENT_TEAM = LQRV2Z3V26;
				INFOPLIST_FILE = gitrpUITests/Info.plist;
				LD_RUNPATH_SEARCH_PATHS = (
					"$(inherited)",
					"@executable_path/Frameworks",
					"@loader_path/Frameworks",
				);
				PRODUCT_BUNDLE_IDENTIFIER = Edmund.gitrpUITests;
				PRODUCT_NAME = "$(TARGET_NAME)";
				SWIFT_VERSION = 4.0;
				TARGETED_DEVICE_FAMILY = "1,2";
				TEST_TARGET_NAME = gitrp;
			};
			name = Debug;
		};
		88D9F26820F34F710077BA54 /* Release */ = {
			isa = XCBuildConfiguration;
			buildSettings = {
				ALWAYS_EMBED_SWIFT_STANDARD_LIBRARIES = YES;
				CODE_SIGN_STYLE = Automatic;
				DEVELOPMENT_TEAM = LQRV2Z3V26;
				INFOPLIST_FILE = gitrpUITests/Info.plist;
				LD_RUNPATH_SEARCH_PATHS = (
					"$(inherited)",
					"@executable_path/Frameworks",
					"@loader_path/Frameworks",
				);
				PRODUCT_BUNDLE_IDENTIFIER = Edmund.gitrpUITests;
				PRODUCT_NAME = "$(TARGET_NAME)";
				SWIFT_VERSION = 4.0;
				TARGETED_DEVICE_FAMILY = "1,2";
				TEST_TARGET_NAME = gitrp;
			};
			name = Release;
		};
/* End XCBuildConfiguration section */

/* Begin XCConfigurationList section */
		88D9F23020F34F6F0077BA54 /* Build configuration list for PBXProject "gitrp" */ = {
			isa = XCConfigurationList;
			buildConfigurations = (
				88D9F25E20F34F710077BA54 /* Debug */,
				88D9F25F20F34F710077BA54 /* Release */,
			);
			defaultConfigurationIsVisible = 0;
			defaultConfigurationName = Release;
		};
		88D9F26020F34F710077BA54 /* Build configuration list for PBXNativeTarget "gitrp" */ = {
			isa = XCConfigurationList;
			buildConfigurations = (
				88D9F26120F34F710077BA54 /* Debug */,
				88D9F26220F34F710077BA54 /* Release */,
			);
			defaultConfigurationIsVisible = 0;
			defaultConfigurationName = Release;
		};
		88D9F26320F34F710077BA54 /* Build configuration list for PBXNativeTarget "gitrpTests" */ = {
			isa = XCConfigurationList;
			buildConfigurations = (
				88D9F26420F34F710077BA54 /* Debug */,
				88D9F26520F34F710077BA54 /* Release */,
			);
			defaultConfigurationIsVisible = 0;
			defaultConfigurationName = Release;
		};
		88D9F26620F34F710077BA54 /* Build configuration list for PBXNativeTarget "gitrpUITests" */ = {
			isa = XCConfigurationList;
			buildConfigurations = (
				88D9F26720F34F710077BA54 /* Debug */,
				88D9F26820F34F710077BA54 /* Release */,
			);
			defaultConfigurationIsVisible = 0;
			defaultConfigurationName = Release;
		};
/* End XCConfigurationList section */

/* Begin XCVersionGroup section */
		88D9F23F20F34F6F0077BA54 /* gitrp.xcdatamodeld */ = {
			isa = XCVersionGroup;
			children = (
				88D9F24020F34F6F0077BA54 /* gitrp.xcdatamodel */,
			);
			currentVersion = 88D9F24020F34F6F0077BA54 /* gitrp.xcdatamodel */;
			path = gitrp.xcdatamodeld;
			sourceTree = "<group>";
			versionGroupType = wrapper.xcdatamodel;
		};
/* End XCVersionGroup section */
	};
	rootObject = 88D9F22D20F34F6F0077BA54 /* Project object */;
}
